
Microsoft Visual Studio Solution File, Format Version 12.00
# Visual Studio Version 16
VisualStudioVersion = 16.0.30907.101
MinimumVisualStudioVersion = 10.0.40219.1
Project("{FAE04EC0-301F-11D3-BF4B-00C04F79EFBC}") = "AdoEg1", "AdoEg1\AdoEg1.csproj", "{6E091DE9-5999-4A65-B7AE-0322751AFB0C}"
EndProject
Global
	GlobalSection(SolutionConfigurationPlatforms) = preSolution
		Debug|Any CPU = Debug|Any CPU
		Release|Any CPU = Release|Any CPU
	EndGlobalSection
	GlobalSection(ProjectConfigurationPlatforms) = postSolution
		{6E091DE9-5999-4A65-B7AE-0322751AFB0C}.Debug|Any CPU.ActiveCfg = Debug|Any CPU
		{6E091DE9-5999-4A65-B7AE-0322751AFB0C}.Debug|Any CPU.Build.0 = Debug|Any CPU
		{6E091DE9-5999-4A65-B7AE-0322751AFB0C}.Release|Any CPU.ActiveCfg = Release|Any CPU
		{6E091DE9-5999-4A65-B7AE-0322751AFB0C}.Release|Any CPU.Build.0 = Release|Any CPU
	EndGlobalSection
	GlobalSection(SolutionProperties) = preSolution
		HideSolutionNode = FALSE
	EndGlobalSection
	GlobalSection(ExtensibilityGlobals) = postSolution
		SolutionGuid = {750E3DC6-ADAF-42D2-93AF-765BE23A4F75}
	EndGlobalSection
EndGlobal
