
Microsoft Visual Studio Solution File, Format Version 12.00
# Visual Studio Version 16
VisualStudioVersion = 16.0.30225.117
MinimumVisualStudioVersion = 10.0.40219.1
Project("{FAE04EC0-301F-11D3-BF4B-00C04F79EFBC}") = "AdoProductClient", "AdoProductClient\AdoProductClient.csproj", "{4715FEF3-D759-4EF6-82E9-4D8532D1C8BD}"
EndProject
Project("{FAE04EC0-301F-11D3-BF4B-00C04F79EFBC}") = "AdoProductBAL", "AdoProductBAL\AdoProductBAL.csproj", "{7BF0F1AC-A791-485A-839F-87236598F2F2}"
EndProject
Project("{FAE04EC0-301F-11D3-BF4B-00C04F79EFBC}") = "AdoProductDataAccessLayer", "AdoProductDataAccessLayer\AdoProductDataAccessLayer.csproj", "{62168B98-16D4-412D-A267-BCB345E39B02}"
EndProject
Global
	GlobalSection(SolutionConfigurationPlatforms) = preSolution
		Debug|Any CPU = Debug|Any CPU
		Release|Any CPU = Release|Any CPU
	EndGlobalSection
	GlobalSection(ProjectConfigurationPlatforms) = postSolution
		{4715FEF3-D759-4EF6-82E9-4D8532D1C8BD}.Debug|Any CPU.ActiveCfg = Debug|Any CPU
		{4715FEF3-D759-4EF6-82E9-4D8532D1C8BD}.Debug|Any CPU.Build.0 = Debug|Any CPU
		{4715FEF3-D759-4EF6-82E9-4D8532D1C8BD}.Release|Any CPU.ActiveCfg = Release|Any CPU
		{4715FEF3-D759-4EF6-82E9-4D8532D1C8BD}.Release|Any CPU.Build.0 = Release|Any CPU
		{7BF0F1AC-A791-485A-839F-87236598F2F2}.Debug|Any CPU.ActiveCfg = Debug|Any CPU
		{7BF0F1AC-A791-485A-839F-87236598F2F2}.Debug|Any CPU.Build.0 = Debug|Any CPU
		{7BF0F1AC-A791-485A-839F-87236598F2F2}.Release|Any CPU.ActiveCfg = Release|Any CPU
		{7BF0F1AC-A791-485A-839F-87236598F2F2}.Release|Any CPU.Build.0 = Release|Any CPU
		{62168B98-16D4-412D-A267-BCB345E39B02}.Debug|Any CPU.ActiveCfg = Debug|Any CPU
		{62168B98-16D4-412D-A267-BCB345E39B02}.Debug|Any CPU.Build.0 = Debug|Any CPU
		{62168B98-16D4-412D-A267-BCB345E39B02}.Release|Any CPU.ActiveCfg = Release|Any CPU
		{62168B98-16D4-412D-A267-BCB345E39B02}.Release|Any CPU.Build.0 = Release|Any CPU
	EndGlobalSection
	GlobalSection(SolutionProperties) = preSolution
		HideSolutionNode = FALSE
	EndGlobalSection
	GlobalSection(ExtensibilityGlobals) = postSolution
		SolutionGuid = {89E81BA8-68DF-4CB1-A33E-BAAA4E95EC2A}
	EndGlobalSection
EndGlobal
